// !$*UTF8*$!
{
	archiveVersion = 1;
	classes = {
	};
	objectVersion = 46;
	objects = {

/* Begin PBXBuildFile section */
		DB0A59831C84045300C5158A /* First.m in Sources */ = {isa = PBXBuildFile; fileRef = DB0A59811C84045300C5158A /* First.m */; };
		DB0A59841C84045300C5158A /* First.m in Sources */ = {isa = PBXBuildFile; fileRef = DB0A59811C84045300C5158A /* First.m */; };
		DB0A59851C84045300C5158A /* First.m in Sources */ = {isa = PBXBuildFile; fileRef = DB0A59811C84045300C5158A /* First.m */; };
		DB0A59861C84045300C5158A /* First.xib in Resources */ = {isa = PBXBuildFile; fileRef = DB0A59821C84045300C5158A /* First.xib */; };
		DB0A59871C84045300C5158A /* First.xib in Resources */ = {isa = PBXBuildFile; fileRef = DB0A59821C84045300C5158A /* First.xib */; };
		DB0A59881C84045300C5158A /* First.xib in Resources */ = {isa = PBXBuildFile; fileRef = DB0A59821C84045300C5158A /* First.xib */; };
		DB0A598C1C84049800C5158A /* Withdraw.m in Sources */ = {isa = PBXBuildFile; fileRef = DB0A598A1C84049800C5158A /* Withdraw.m */; };
		DB0A598D1C84049800C5158A /* Withdraw.m in Sources */ = {isa = PBXBuildFile; fileRef = DB0A598A1C84049800C5158A /* Withdraw.m */; };
		DB0A598E1C84049800C5158A /* Withdraw.m in Sources */ = {isa = PBXBuildFile; fileRef = DB0A598A1C84049800C5158A /* Withdraw.m */; };
		DB0A598F1C84049800C5158A /* Withdraw.xib in Resources */ = {isa = PBXBuildFile; fileRef = DB0A598B1C84049800C5158A /* Withdraw.xib */; };
		DB0A59901C84049800C5158A /* Withdraw.xib in Resources */ = {isa = PBXBuildFile; fileRef = DB0A598B1C84049800C5158A /* Withdraw.xib */; };
		DB0A59911C84049800C5158A /* Withdraw.xib in Resources */ = {isa = PBXBuildFile; fileRef = DB0A598B1C84049800C5158A /* Withdraw.xib */; };
		DB0A59951C8404B800C5158A /* Vehicle_management.m in Sources */ = {isa = PBXBuildFile; fileRef = DB0A59931C8404B800C5158A /* Vehicle_management.m */; };
		DB0A59961C8404B800C5158A /* Vehicle_management.m in Sources */ = {isa = PBXBuildFile; fileRef = DB0A59931C8404B800C5158A /* Vehicle_management.m */; };
		DB0A59971C8404B800C5158A /* Vehicle_management.m in Sources */ = {isa = PBXBuildFile; fileRef = DB0A59931C8404B800C5158A /* Vehicle_management.m */; };
		DB0A59981C8404B800C5158A /* Vehicle_management.xib in Resources */ = {isa = PBXBuildFile; fileRef = DB0A59941C8404B800C5158A /* Vehicle_management.xib */; };
		DB0A59991C8404B800C5158A /* Vehicle_management.xib in Resources */ = {isa = PBXBuildFile; fileRef = DB0A59941C8404B800C5158A /* Vehicle_management.xib */; };
		DB0A599A1C8404B800C5158A /* Vehicle_management.xib in Resources */ = {isa = PBXBuildFile; fileRef = DB0A59941C8404B800C5158A /* Vehicle_management.xib */; };
		DB0A599E1C8404F100C5158A /* Authentication.m in Sources */ = {isa = PBXBuildFile; fileRef = DB0A599C1C8404F100C5158A /* Authentication.m */; };
		DB0A599F1C8404F100C5158A /* Authentication.m in Sources */ = {isa = PBXBuildFile; fileRef = DB0A599C1C8404F100C5158A /* Authentication.m */; };
		DB0A59A01C8404F100C5158A /* Authentication.m in Sources */ = {isa = PBXBuildFile; fileRef = DB0A599C1C8404F100C5158A /* Authentication.m */; };
		DB0A59A11C8404F100C5158A /* Authentication.xib in Resources */ = {isa = PBXBuildFile; fileRef = DB0A599D1C8404F100C5158A /* Authentication.xib */; };
		DB0A59A21C8404F100C5158A /* Authentication.xib in Resources */ = {isa = PBXBuildFile; fileRef = DB0A599D1C8404F100C5158A /* Authentication.xib */; };
		DB0A59A31C8404F100C5158A /* Authentication.xib in Resources */ = {isa = PBXBuildFile; fileRef = DB0A599D1C8404F100C5158A /* Authentication.xib */; };
		DB0A59A71C84052800C5158A /* My_info.m in Sources */ = {isa = PBXBuildFile; fileRef = DB0A59A51C84052800C5158A /* My_info.m */; };
		DB0A59A81C84052800C5158A /* My_info.m in Sources */ = {isa = PBXBuildFile; fileRef = DB0A59A51C84052800C5158A /* My_info.m */; };
		DB0A59A91C84052800C5158A /* My_info.m in Sources */ = {isa = PBXBuildFile; fileRef = DB0A59A51C84052800C5158A /* My_info.m */; };
		DB0A59AA1C84052800C5158A /* My_info.xib in Resources */ = {isa = PBXBuildFile; fileRef = DB0A59A61C84052800C5158A /* My_info.xib */; };
		DB0A59AB1C84052800C5158A /* My_info.xib in Resources */ = {isa = PBXBuildFile; fileRef = DB0A59A61C84052800C5158A /* My_info.xib */; };
		DB0A59AC1C84052800C5158A /* My_info.xib in Resources */ = {isa = PBXBuildFile; fileRef = DB0A59A61C84052800C5158A /* My_info.xib */; };
		DB0A59B01C84053C00C5158A /* Driver_info.m in Sources */ = {isa = PBXBuildFile; fileRef = DB0A59AE1C84053C00C5158A /* Driver_info.m */; };
		DB0A59B11C84053C00C5158A /* Driver_info.m in Sources */ = {isa = PBXBuildFile; fileRef = DB0A59AE1C84053C00C5158A /* Driver_info.m */; };
		DB0A59B21C84053C00C5158A /* Driver_info.m in Sources */ = {isa = PBXBuildFile; fileRef = DB0A59AE1C84053C00C5158A /* Driver_info.m */; };
		DB0A59B31C84053C00C5158A /* Driver_info.xib in Resources */ = {isa = PBXBuildFile; fileRef = DB0A59AF1C84053C00C5158A /* Driver_info.xib */; };
		DB0A59B41C84053C00C5158A /* Driver_info.xib in Resources */ = {isa = PBXBuildFile; fileRef = DB0A59AF1C84053C00C5158A /* Driver_info.xib */; };
		DB0A59B51C84053C00C5158A /* Driver_info.xib in Resources */ = {isa = PBXBuildFile; fileRef = DB0A59AF1C84053C00C5158A /* Driver_info.xib */; };
		DB0A59B91C84055100C5158A /* Info_collection.m in Sources */ = {isa = PBXBuildFile; fileRef = DB0A59B71C84055100C5158A /* Info_collection.m */; };
		DB0A59BA1C84055100C5158A /* Info_collection.m in Sources */ = {isa = PBXBuildFile; fileRef = DB0A59B71C84055100C5158A /* Info_collection.m */; };
		DB0A59BB1C84055100C5158A /* Info_collection.m in Sources */ = {isa = PBXBuildFile; fileRef = DB0A59B71C84055100C5158A /* Info_collection.m */; };
		DB0A59BC1C84055100C5158A /* Info_collection.xib in Resources */ = {isa = PBXBuildFile; fileRef = DB0A59B81C84055100C5158A /* Info_collection.xib */; };
		DB0A59BD1C84055100C5158A /* Info_collection.xib in Resources */ = {isa = PBXBuildFile; fileRef = DB0A59B81C84055100C5158A /* Info_collection.xib */; };
		DB0A59BE1C84055100C5158A /* Info_collection.xib in Resources */ = {isa = PBXBuildFile; fileRef = DB0A59B81C84055100C5158A /* Info_collection.xib */; };
		DB0A59C21C84056B00C5158A /* Mission.m in Sources */ = {isa = PBXBuildFile; fileRef = DB0A59C01C84056B00C5158A /* Mission.m */; };
		DB0A59C31C84056B00C5158A /* Mission.m in Sources */ = {isa = PBXBuildFile; fileRef = DB0A59C01C84056B00C5158A /* Mission.m */; };
		DB0A59C41C84056B00C5158A /* Mission.m in Sources */ = {isa = PBXBuildFile; fileRef = DB0A59C01C84056B00C5158A /* Mission.m */; };
		DB0A59C51C84056B00C5158A /* Mission.xib in Resources */ = {isa = PBXBuildFile; fileRef = DB0A59C11C84056B00C5158A /* Mission.xib */; };
		DB0A59C61C84056B00C5158A /* Mission.xib in Resources */ = {isa = PBXBuildFile; fileRef = DB0A59C11C84056B00C5158A /* Mission.xib */; };
		DB0A59C71C84056B00C5158A /* Mission.xib in Resources */ = {isa = PBXBuildFile; fileRef = DB0A59C11C84056B00C5158A /* Mission.xib */; };
		DB0A59DE1C842F8900C5158A /* Man.m in Sources */ = {isa = PBXBuildFile; fileRef = DB0A59DC1C842F8900C5158A /* Man.m */; };
		DB0A59DF1C842F8900C5158A /* Man.m in Sources */ = {isa = PBXBuildFile; fileRef = DB0A59DC1C842F8900C5158A /* Man.m */; };
		DB0A59E01C842F8900C5158A /* Man.m in Sources */ = {isa = PBXBuildFile; fileRef = DB0A59DC1C842F8900C5158A /* Man.m */; };
		DB0A59E11C842F8900C5158A /* Man.xib in Resources */ = {isa = PBXBuildFile; fileRef = DB0A59DD1C842F8900C5158A /* Man.xib */; };
		DB0A59E21C842F8900C5158A /* Man.xib in Resources */ = {isa = PBXBuildFile; fileRef = DB0A59DD1C842F8900C5158A /* Man.xib */; };
		DB0A59E31C842F8900C5158A /* Man.xib in Resources */ = {isa = PBXBuildFile; fileRef = DB0A59DD1C842F8900C5158A /* Man.xib */; };
		DB0A59E71C842F9B00C5158A /* Car.m in Sources */ = {isa = PBXBuildFile; fileRef = DB0A59E51C842F9B00C5158A /* Car.m */; };
		DB0A59E81C842F9B00C5158A /* Car.m in Sources */ = {isa = PBXBuildFile; fileRef = DB0A59E51C842F9B00C5158A /* Car.m */; };
		DB0A59E91C842F9B00C5158A /* Car.m in Sources */ = {isa = PBXBuildFile; fileRef = DB0A59E51C842F9B00C5158A /* Car.m */; };
		DB0A59EA1C842F9B00C5158A /* Car.xib in Resources */ = {isa = PBXBuildFile; fileRef = DB0A59E61C842F9B00C5158A /* Car.xib */; };
		DB0A59EB1C842F9B00C5158A /* Car.xib in Resources */ = {isa = PBXBuildFile; fileRef = DB0A59E61C842F9B00C5158A /* Car.xib */; };
		DB0A59EC1C842F9B00C5158A /* Car.xib in Resources */ = {isa = PBXBuildFile; fileRef = DB0A59E61C842F9B00C5158A /* Car.xib */; };
		DB0A59F41C8435FB00C5158A /* return.png in Resources */ = {isa = PBXBuildFile; fileRef = DB0A59F31C8435FB00C5158A /* return.png */; };
		DB0A59F51C8435FB00C5158A /* return.png in Resources */ = {isa = PBXBuildFile; fileRef = DB0A59F31C8435FB00C5158A /* return.png */; };
		DB0A59F61C8435FB00C5158A /* return.png in Resources */ = {isa = PBXBuildFile; fileRef = DB0A59F31C8435FB00C5158A /* return.png */; };
		DB0A59FA1C843D0700C5158A /* Wallet.m in Sources */ = {isa = PBXBuildFile; fileRef = DB0A59F81C843D0700C5158A /* Wallet.m */; };
		DB0A59FB1C843D0700C5158A /* Wallet.m in Sources */ = {isa = PBXBuildFile; fileRef = DB0A59F81C843D0700C5158A /* Wallet.m */; };
		DB0A59FC1C843D0700C5158A /* Wallet.m in Sources */ = {isa = PBXBuildFile; fileRef = DB0A59F81C843D0700C5158A /* Wallet.m */; };
		DB0A59FD1C843D0700C5158A /* Wallet.xib in Resources */ = {isa = PBXBuildFile; fileRef = DB0A59F91C843D0700C5158A /* Wallet.xib */; };
		DB0A59FE1C843D0700C5158A /* Wallet.xib in Resources */ = {isa = PBXBuildFile; fileRef = DB0A59F91C843D0700C5158A /* Wallet.xib */; };
		DB0A59FF1C843D0700C5158A /* Wallet.xib in Resources */ = {isa = PBXBuildFile; fileRef = DB0A59F91C843D0700C5158A /* Wallet.xib */; };
		DB0A5A031C84427D00C5158A /* Password_change.m in Sources */ = {isa = PBXBuildFile; fileRef = DB0A5A011C84427D00C5158A /* Password_change.m */; };
		DB0A5A041C84427D00C5158A /* Password_change.m in Sources */ = {isa = PBXBuildFile; fileRef = DB0A5A011C84427D00C5158A /* Password_change.m */; };
		DB0A5A051C84427D00C5158A /* Password_change.m in Sources */ = {isa = PBXBuildFile; fileRef = DB0A5A011C84427D00C5158A /* Password_change.m */; };
		DB0A5A061C84427D00C5158A /* Password_change.xib in Resources */ = {isa = PBXBuildFile; fileRef = DB0A5A021C84427D00C5158A /* Password_change.xib */; };
		DB0A5A071C84427D00C5158A /* Password_change.xib in Resources */ = {isa = PBXBuildFile; fileRef = DB0A5A021C84427D00C5158A /* Password_change.xib */; };
		DB0A5A081C84427D00C5158A /* Password_change.xib in Resources */ = {isa = PBXBuildFile; fileRef = DB0A5A021C84427D00C5158A /* Password_change.xib */; };
		DB254F051C96CA430071C510 /* Default-568h@2x.png in Resources */ = {isa = PBXBuildFile; fileRef = DB254F041C96CA430071C510 /* Default-568h@2x.png */; };
		DB254F071C96CA490071C510 /* Default@2x.png in Resources */ = {isa = PBXBuildFile; fileRef = DB254F061C96CA490071C510 /* Default@2x.png */; };
		DB254F091C96CA500071C510 /* Default@3x.png in Resources */ = {isa = PBXBuildFile; fileRef = DB254F081C96CA500071C510 /* Default@3x.png */; };
		DB5767C01C80359800EC7052 /* main.m in Sources */ = {isa = PBXBuildFile; fileRef = DB5767BF1C80359800EC7052 /* main.m */; };
		DB5767C31C80359800EC7052 /* AppDelegate.m in Sources */ = {isa = PBXBuildFile; fileRef = DB5767C21C80359800EC7052 /* AppDelegate.m */; };
		DB5767CB1C80359800EC7052 /* Assets.xcassets in Resources */ = {isa = PBXBuildFile; fileRef = DB5767CA1C80359800EC7052 /* Assets.xcassets */; };
		DB5767D91C80359800EC7052 /* tongbaoTests.m in Sources */ = {isa = PBXBuildFile; fileRef = DB5767D81C80359800EC7052 /* tongbaoTests.m */; };
		DB5767E41C80359900EC7052 /* tongbaoUITests.m in Sources */ = {isa = PBXBuildFile; fileRef = DB5767E31C80359900EC7052 /* tongbaoUITests.m */; };
		DB5767FE1C803AB700EC7052 /* Message.m in Sources */ = {isa = PBXBuildFile; fileRef = DB5767FC1C803AB700EC7052 /* Message.m */; };
		DB5767FF1C803AB700EC7052 /* Message.m in Sources */ = {isa = PBXBuildFile; fileRef = DB5767FC1C803AB700EC7052 /* Message.m */; };
		DB5768001C803AB700EC7052 /* Message.m in Sources */ = {isa = PBXBuildFile; fileRef = DB5767FC1C803AB700EC7052 /* Message.m */; };
		DB5768011C803AB700EC7052 /* Message.xib in Resources */ = {isa = PBXBuildFile; fileRef = DB5767FD1C803AB700EC7052 /* Message.xib */; };
		DB5768021C803AB700EC7052 /* Message.xib in Resources */ = {isa = PBXBuildFile; fileRef = DB5767FD1C803AB700EC7052 /* Message.xib */; };
		DB5768031C803AB700EC7052 /* Message.xib in Resources */ = {isa = PBXBuildFile; fileRef = DB5767FD1C803AB700EC7052 /* Message.xib */; };
		DB5768071C803AF800EC7052 /* Personal.m in Sources */ = {isa = PBXBuildFile; fileRef = DB5768051C803AF800EC7052 /* Personal.m */; };
		DB5768081C803AF800EC7052 /* Personal.m in Sources */ = {isa = PBXBuildFile; fileRef = DB5768051C803AF800EC7052 /* Personal.m */; };
		DB5768091C803AF800EC7052 /* Personal.m in Sources */ = {isa = PBXBuildFile; fileRef = DB5768051C803AF800EC7052 /* Personal.m */; };
		DB57680A1C803AF800EC7052 /* Personal.xib in Resources */ = {isa = PBXBuildFile; fileRef = DB5768061C803AF800EC7052 /* Personal.xib */; };
		DB57680B1C803AF800EC7052 /* Personal.xib in Resources */ = {isa = PBXBuildFile; fileRef = DB5768061C803AF800EC7052 /* Personal.xib */; };
		DB57680C1C803AF800EC7052 /* Personal.xib in Resources */ = {isa = PBXBuildFile; fileRef = DB5768061C803AF800EC7052 /* Personal.xib */; };
		DB5768101C803B0F00EC7052 /* Add_car.m in Sources */ = {isa = PBXBuildFile; fileRef = DB57680E1C803B0F00EC7052 /* Add_car.m */; };
		DB5768111C803B0F00EC7052 /* Add_car.m in Sources */ = {isa = PBXBuildFile; fileRef = DB57680E1C803B0F00EC7052 /* Add_car.m */; };
		DB5768121C803B0F00EC7052 /* Add_car.m in Sources */ = {isa = PBXBuildFile; fileRef = DB57680E1C803B0F00EC7052 /* Add_car.m */; };
		DB5768131C803B0F00EC7052 /* Add_car.xib in Resources */ = {isa = PBXBuildFile; fileRef = DB57680F1C803B0F00EC7052 /* Add_car.xib */; };
		DB5768141C803B0F00EC7052 /* Add_car.xib in Resources */ = {isa = PBXBuildFile; fileRef = DB57680F1C803B0F00EC7052 /* Add_car.xib */; };
		DB5768151C803B0F00EC7052 /* Add_car.xib in Resources */ = {isa = PBXBuildFile; fileRef = DB57680F1C803B0F00EC7052 /* Add_car.xib */; };
		DBA959251C857ACA009CBF23 /* Get_order.m in Sources */ = {isa = PBXBuildFile; fileRef = DBA959231C857ACA009CBF23 /* Get_order.m */; };
		DBA959261C857ACA009CBF23 /* Get_order.m in Sources */ = {isa = PBXBuildFile; fileRef = DBA959231C857ACA009CBF23 /* Get_order.m */; };
		DBA959271C857ACA009CBF23 /* Get_order.m in Sources */ = {isa = PBXBuildFile; fileRef = DBA959231C857ACA009CBF23 /* Get_order.m */; };
		DBA959281C857ACA009CBF23 /* Get_order.xib in Resources */ = {isa = PBXBuildFile; fileRef = DBA959241C857ACA009CBF23 /* Get_order.xib */; };
		DBA959291C857ACA009CBF23 /* Get_order.xib in Resources */ = {isa = PBXBuildFile; fileRef = DBA959241C857ACA009CBF23 /* Get_order.xib */; };
		DBA9592A1C857ACA009CBF23 /* Get_order.xib in Resources */ = {isa = PBXBuildFile; fileRef = DBA959241C857ACA009CBF23 /* Get_order.xib */; };
		DBA9593C1C857B3D009CBF23 /* History_order.m in Sources */ = {isa = PBXBuildFile; fileRef = DBA9593A1C857B3D009CBF23 /* History_order.m */; };
		DBA9593D1C857B3D009CBF23 /* History_order.m in Sources */ = {isa = PBXBuildFile; fileRef = DBA9593A1C857B3D009CBF23 /* History_order.m */; };
		DBA9593E1C857B3D009CBF23 /* History_order.m in Sources */ = {isa = PBXBuildFile; fileRef = DBA9593A1C857B3D009CBF23 /* History_order.m */; };
		DBA9593F1C857B3D009CBF23 /* History_order.xib in Resources */ = {isa = PBXBuildFile; fileRef = DBA9593B1C857B3D009CBF23 /* History_order.xib */; };
		DBA959401C857B3D009CBF23 /* History_order.xib in Resources */ = {isa = PBXBuildFile; fileRef = DBA9593B1C857B3D009CBF23 /* History_order.xib */; };
		DBA959411C857B3D009CBF23 /* History_order.xib in Resources */ = {isa = PBXBuildFile; fileRef = DBA9593B1C857B3D009CBF23 /* History_order.xib */; };
		DBA959451C857D27009CBF23 /* Order_detials.m in Sources */ = {isa = PBXBuildFile; fileRef = DBA959431C857D27009CBF23 /* Order_detials.m */; };
		DBA959461C857D27009CBF23 /* Order_detials.m in Sources */ = {isa = PBXBuildFile; fileRef = DBA959431C857D27009CBF23 /* Order_detials.m */; };
		DBA959471C857D27009CBF23 /* Order_detials.m in Sources */ = {isa = PBXBuildFile; fileRef = DBA959431C857D27009CBF23 /* Order_detials.m */; };
		DBA959481C857D27009CBF23 /* Order_detials.xib in Resources */ = {isa = PBXBuildFile; fileRef = DBA959441C857D27009CBF23 /* Order_detials.xib */; };
		DBA959491C857D27009CBF23 /* Order_detials.xib in Resources */ = {isa = PBXBuildFile; fileRef = DBA959441C857D27009CBF23 /* Order_detials.xib */; };
		DBA9594A1C857D27009CBF23 /* Order_detials.xib in Resources */ = {isa = PBXBuildFile; fileRef = DBA959441C857D27009CBF23 /* Order_detials.xib */; };
		DBB001A91C9FBFA8005F4692 /* TestViewController.m in Sources */ = {isa = PBXBuildFile; fileRef = DBB001A81C9FBFA8005F4692 /* TestViewController.m */; };
		DBCCF2241C9E852A003E6A23 /* test.png in Resources */ = {isa = PBXBuildFile; fileRef = DBCCF2231C9E852A003E6A23 /* test.png */; };
/* End PBXBuildFile section */

/* Begin PBXContainerItemProxy section */
		DB5767D51C80359800EC7052 /* PBXContainerItemProxy */ = {
			isa = PBXContainerItemProxy;
			containerPortal = DB5767B31C80359800EC7052 /* Project object */;
			proxyType = 1;
			remoteGlobalIDString = DB5767BA1C80359800EC7052;
			remoteInfo = tongbao;
		};
		DB5767E01C80359900EC7052 /* PBXContainerItemProxy */ = {
			isa = PBXContainerItemProxy;
			containerPortal = DB5767B31C80359800EC7052 /* Project object */;
			proxyType = 1;
			remoteGlobalIDString = DB5767BA1C80359800EC7052;
			remoteInfo = tongbao;
		};
/* End PBXContainerItemProxy section */

/* Begin PBXFileReference section */
		DB0A59801C84045300C5158A /* First.h */ = {isa = PBXFileReference; fileEncoding = 4; lastKnownFileType = sourcecode.c.h; path = First.h; sourceTree = "<group>"; };
		DB0A59811C84045300C5158A /* First.m */ = {isa = PBXFileReference; fileEncoding = 4; lastKnownFileType = sourcecode.c.objc; path = First.m; sourceTree = "<group>"; };
		DB0A59821C84045300C5158A /* First.xib */ = {isa = PBXFileReference; fileEncoding = 4; lastKnownFileType = file.xib; path = First.xib; sourceTree = "<group>"; };
		DB0A59891C84049800C5158A /* Withdraw.h */ = {isa = PBXFileReference; fileEncoding = 4; lastKnownFileType = sourcecode.c.h; path = Withdraw.h; sourceTree = "<group>"; };
		DB0A598A1C84049800C5158A /* Withdraw.m */ = {isa = PBXFileReference; fileEncoding = 4; lastKnownFileType = sourcecode.c.objc; path = Withdraw.m; sourceTree = "<group>"; };
		DB0A598B1C84049800C5158A /* Withdraw.xib */ = {isa = PBXFileReference; fileEncoding = 4; lastKnownFileType = file.xib; path = Withdraw.xib; sourceTree = "<group>"; };
		DB0A59921C8404B800C5158A /* Vehicle_management.h */ = {isa = PBXFileReference; fileEncoding = 4; lastKnownFileType = sourcecode.c.h; path = Vehicle_management.h; sourceTree = "<group>"; };
		DB0A59931C8404B800C5158A /* Vehicle_management.m */ = {isa = PBXFileReference; fileEncoding = 4; lastKnownFileType = sourcecode.c.objc; path = Vehicle_management.m; sourceTree = "<group>"; };
		DB0A59941C8404B800C5158A /* Vehicle_management.xib */ = {isa = PBXFileReference; fileEncoding = 4; lastKnownFileType = file.xib; path = Vehicle_management.xib; sourceTree = "<group>"; };
		DB0A599B1C8404F100C5158A /* Authentication.h */ = {isa = PBXFileReference; fileEncoding = 4; lastKnownFileType = sourcecode.c.h; path = Authentication.h; sourceTree = "<group>"; };
		DB0A599C1C8404F100C5158A /* Authentication.m */ = {isa = PBXFileReference; fileEncoding = 4; lastKnownFileType = sourcecode.c.objc; path = Authentication.m; sourceTree = "<group>"; };
		DB0A599D1C8404F100C5158A /* Authentication.xib */ = {isa = PBXFileReference; fileEncoding = 4; lastKnownFileType = file.xib; path = Authentication.xib; sourceTree = "<group>"; };
		DB0A59A41C84052800C5158A /* My_info.h */ = {isa = PBXFileReference; fileEncoding = 4; lastKnownFileType = sourcecode.c.h; path = My_info.h; sourceTree = "<group>"; };
		DB0A59A51C84052800C5158A /* My_info.m */ = {isa = PBXFileReference; fileEncoding = 4; lastKnownFileType = sourcecode.c.objc; path = My_info.m; sourceTree = "<group>"; };
		DB0A59A61C84052800C5158A /* My_info.xib */ = {isa = PBXFileReference; fileEncoding = 4; lastKnownFileType = file.xib; path = My_info.xib; sourceTree = "<group>"; };
		DB0A59AD1C84053C00C5158A /* Driver_info.h */ = {isa = PBXFileReference; fileEncoding = 4; lastKnownFileType = sourcecode.c.h; path = Driver_info.h; sourceTree = "<group>"; };
		DB0A59AE1C84053C00C5158A /* Driver_info.m */ = {isa = PBXFileReference; fileEncoding = 4; lastKnownFileType = sourcecode.c.objc; path = Driver_info.m; sourceTree = "<group>"; };
		DB0A59AF1C84053C00C5158A /* Driver_info.xib */ = {isa = PBXFileReference; fileEncoding = 4; lastKnownFileType = file.xib; path = Driver_info.xib; sourceTree = "<group>"; };
		DB0A59B61C84055100C5158A /* Info_collection.h */ = {isa = PBXFileReference; fileEncoding = 4; lastKnownFileType = sourcecode.c.h; path = Info_collection.h; sourceTree = "<group>"; };
		DB0A59B71C84055100C5158A /* Info_collection.m */ = {isa = PBXFileReference; fileEncoding = 4; lastKnownFileType = sourcecode.c.objc; path = Info_collection.m; sourceTree = "<group>"; };
		DB0A59B81C84055100C5158A /* Info_collection.xib */ = {isa = PBXFileReference; fileEncoding = 4; lastKnownFileType = file.xib; path = Info_collection.xib; sourceTree = "<group>"; };
		DB0A59BF1C84056B00C5158A /* Mission.h */ = {isa = PBXFileReference; fileEncoding = 4; lastKnownFileType = sourcecode.c.h; path = Mission.h; sourceTree = "<group>"; };
		DB0A59C01C84056B00C5158A /* Mission.m */ = {isa = PBXFileReference; fileEncoding = 4; lastKnownFileType = sourcecode.c.objc; path = Mission.m; sourceTree = "<group>"; };
		DB0A59C11C84056B00C5158A /* Mission.xib */ = {isa = PBXFileReference; fileEncoding = 4; lastKnownFileType = file.xib; path = Mission.xib; sourceTree = "<group>"; };
		DB0A59DB1C842F8900C5158A /* Man.h */ = {isa = PBXFileReference; fileEncoding = 4; lastKnownFileType = sourcecode.c.h; path = Man.h; sourceTree = "<group>"; };
		DB0A59DC1C842F8900C5158A /* Man.m */ = {isa = PBXFileReference; fileEncoding = 4; lastKnownFileType = sourcecode.c.objc; path = Man.m; sourceTree = "<group>"; };
		DB0A59DD1C842F8900C5158A /* Man.xib */ = {isa = PBXFileReference; fileEncoding = 4; lastKnownFileType = file.xib; path = Man.xib; sourceTree = "<group>"; };
		DB0A59E41C842F9B00C5158A /* Car.h */ = {isa = PBXFileReference; fileEncoding = 4; lastKnownFileType = sourcecode.c.h; path = Car.h; sourceTree = "<group>"; };
		DB0A59E51C842F9B00C5158A /* Car.m */ = {isa = PBXFileReference; fileEncoding = 4; lastKnownFileType = sourcecode.c.objc; path = Car.m; sourceTree = "<group>"; };
		DB0A59E61C842F9B00C5158A /* Car.xib */ = {isa = PBXFileReference; fileEncoding = 4; lastKnownFileType = file.xib; path = Car.xib; sourceTree = "<group>"; };
		DB0A59F31C8435FB00C5158A /* return.png */ = {isa = PBXFileReference; lastKnownFileType = image.png; path = return.png; sourceTree = "<group>"; };
		DB0A59F71C843D0700C5158A /* Wallet.h */ = {isa = PBXFileReference; fileEncoding = 4; lastKnownFileType = sourcecode.c.h; path = Wallet.h; sourceTree = "<group>"; };
		DB0A59F81C843D0700C5158A /* Wallet.m */ = {isa = PBXFileReference; fileEncoding = 4; lastKnownFileType = sourcecode.c.objc; path = Wallet.m; sourceTree = "<group>"; };
		DB0A59F91C843D0700C5158A /* Wallet.xib */ = {isa = PBXFileReference; fileEncoding = 4; lastKnownFileType = file.xib; path = Wallet.xib; sourceTree = "<group>"; };
		DB0A5A001C84427D00C5158A /* Password_change.h */ = {isa = PBXFileReference; fileEncoding = 4; lastKnownFileType = sourcecode.c.h; path = Password_change.h; sourceTree = "<group>"; };
		DB0A5A011C84427D00C5158A /* Password_change.m */ = {isa = PBXFileReference; fileEncoding = 4; lastKnownFileType = sourcecode.c.objc; path = Password_change.m; sourceTree = "<group>"; };
		DB0A5A021C84427D00C5158A /* Password_change.xib */ = {isa = PBXFileReference; fileEncoding = 4; lastKnownFileType = file.xib; path = Password_change.xib; sourceTree = "<group>"; };
		DB254F041C96CA430071C510 /* Default-568h@2x.png */ = {isa = PBXFileReference; lastKnownFileType = image.png; path = "Default-568h@2x.png"; sourceTree = "<group>"; };
		DB254F061C96CA490071C510 /* Default@2x.png */ = {isa = PBXFileReference; lastKnownFileType = image.png; path = "Default@2x.png"; sourceTree = "<group>"; };
		DB254F081C96CA500071C510 /* Default@3x.png */ = {isa = PBXFileReference; lastKnownFileType = image.png; path = "Default@3x.png"; sourceTree = "<group>"; };
		DB5767BB1C80359800EC7052 /* tongbao.app */ = {isa = PBXFileReference; explicitFileType = wrapper.application; includeInIndex = 0; path = tongbao.app; sourceTree = BUILT_PRODUCTS_DIR; };
		DB5767BF1C80359800EC7052 /* main.m */ = {isa = PBXFileReference; lastKnownFileType = sourcecode.c.objc; path = main.m; sourceTree = "<group>"; };
		DB5767C11C80359800EC7052 /* AppDelegate.h */ = {isa = PBXFileReference; lastKnownFileType = sourcecode.c.h; path = AppDelegate.h; sourceTree = "<group>"; };
		DB5767C21C80359800EC7052 /* AppDelegate.m */ = {isa = PBXFileReference; lastKnownFileType = sourcecode.c.objc; path = AppDelegate.m; sourceTree = "<group>"; };
		DB5767CA1C80359800EC7052 /* Assets.xcassets */ = {isa = PBXFileReference; lastKnownFileType = folder.assetcatalog; path = Assets.xcassets; sourceTree = "<group>"; };
		DB5767CF1C80359800EC7052 /* Info.plist */ = {isa = PBXFileReference; lastKnownFileType = text.plist.xml; path = Info.plist; sourceTree = "<group>"; };
		DB5767D41C80359800EC7052 /* tongbaoTests.xctest */ = {isa = PBXFileReference; explicitFileType = wrapper.cfbundle; includeInIndex = 0; path = tongbaoTests.xctest; sourceTree = BUILT_PRODUCTS_DIR; };
		DB5767D81C80359800EC7052 /* tongbaoTests.m */ = {isa = PBXFileReference; lastKnownFileType = sourcecode.c.objc; path = tongbaoTests.m; sourceTree = "<group>"; };
		DB5767DA1C80359800EC7052 /* Info.plist */ = {isa = PBXFileReference; lastKnownFileType = text.plist.xml; path = Info.plist; sourceTree = "<group>"; };
		DB5767DF1C80359800EC7052 /* tongbaoUITests.xctest */ = {isa = PBXFileReference; explicitFileType = wrapper.cfbundle; includeInIndex = 0; path = tongbaoUITests.xctest; sourceTree = BUILT_PRODUCTS_DIR; };
		DB5767E31C80359900EC7052 /* tongbaoUITests.m */ = {isa = PBXFileReference; lastKnownFileType = sourcecode.c.objc; path = tongbaoUITests.m; sourceTree = "<group>"; };
		DB5767E51C80359900EC7052 /* Info.plist */ = {isa = PBXFileReference; lastKnownFileType = text.plist.xml; path = Info.plist; sourceTree = "<group>"; };
		DB5767FB1C803AB700EC7052 /* Message.h */ = {isa = PBXFileReference; fileEncoding = 4; lastKnownFileType = sourcecode.c.h; path = Message.h; sourceTree = "<group>"; };
		DB5767FC1C803AB700EC7052 /* Message.m */ = {isa = PBXFileReference; fileEncoding = 4; lastKnownFileType = sourcecode.c.objc; path = Message.m; sourceTree = "<group>"; };
		DB5767FD1C803AB700EC7052 /* Message.xib */ = {isa = PBXFileReference; fileEncoding = 4; lastKnownFileType = file.xib; path = Message.xib; sourceTree = "<group>"; };
		DB5768041C803AF800EC7052 /* Personal.h */ = {isa = PBXFileReference; fileEncoding = 4; lastKnownFileType = sourcecode.c.h; path = Personal.h; sourceTree = "<group>"; };
		DB5768051C803AF800EC7052 /* Personal.m */ = {isa = PBXFileReference; fileEncoding = 4; lastKnownFileType = sourcecode.c.objc; path = Personal.m; sourceTree = "<group>"; };
		DB5768061C803AF800EC7052 /* Personal.xib */ = {isa = PBXFileReference; fileEncoding = 4; lastKnownFileType = file.xib; path = Personal.xib; sourceTree = "<group>"; };
		DB57680D1C803B0F00EC7052 /* Add_car.h */ = {isa = PBXFileReference; fileEncoding = 4; lastKnownFileType = sourcecode.c.h; path = Add_car.h; sourceTree = "<group>"; };
		DB57680E1C803B0F00EC7052 /* Add_car.m */ = {isa = PBXFileReference; fileEncoding = 4; lastKnownFileType = sourcecode.c.objc; path = Add_car.m; sourceTree = "<group>"; };
		DB57680F1C803B0F00EC7052 /* Add_car.xib */ = {isa = PBXFileReference; fileEncoding = 4; lastKnownFileType = file.xib; path = Add_car.xib; sourceTree = "<group>"; };
		DBA959221C857ACA009CBF23 /* Get_order.h */ = {isa = PBXFileReference; fileEncoding = 4; lastKnownFileType = sourcecode.c.h; path = Get_order.h; sourceTree = "<group>"; };
		DBA959231C857ACA009CBF23 /* Get_order.m */ = {isa = PBXFileReference; fileEncoding = 4; lastKnownFileType = sourcecode.c.objc; path = Get_order.m; sourceTree = "<group>"; };
		DBA959241C857ACA009CBF23 /* Get_order.xib */ = {isa = PBXFileReference; fileEncoding = 4; lastKnownFileType = file.xib; path = Get_order.xib; sourceTree = "<group>"; };
		DBA959391C857B3D009CBF23 /* History_order.h */ = {isa = PBXFileReference; fileEncoding = 4; lastKnownFileType = sourcecode.c.h; path = History_order.h; sourceTree = "<group>"; };
		DBA9593A1C857B3D009CBF23 /* History_order.m */ = {isa = PBXFileReference; fileEncoding = 4; lastKnownFileType = sourcecode.c.objc; path = History_order.m; sourceTree = "<group>"; };
		DBA9593B1C857B3D009CBF23 /* History_order.xib */ = {isa = PBXFileReference; fileEncoding = 4; lastKnownFileType = file.xib; path = History_order.xib; sourceTree = "<group>"; };
		DBA959421C857D27009CBF23 /* Order_detials.h */ = {isa = PBXFileReference; fileEncoding = 4; lastKnownFileType = sourcecode.c.h; path = Order_detials.h; sourceTree = "<group>"; };
		DBA959431C857D27009CBF23 /* Order_detials.m */ = {isa = PBXFileReference; fileEncoding = 4; lastKnownFileType = sourcecode.c.objc; path = Order_detials.m; sourceTree = "<group>"; };
		DBA959441C857D27009CBF23 /* Order_detials.xib */ = {isa = PBXFileReference; fileEncoding = 4; lastKnownFileType = file.xib; path = Order_detials.xib; sourceTree = "<group>"; };
		DBB001A71C9FBFA8005F4692 /* TestViewController.h */ = {isa = PBXFileReference; fileEncoding = 4; lastKnownFileType = sourcecode.c.h; path = TestViewController.h; sourceTree = "<group>"; };
		DBB001A81C9FBFA8005F4692 /* TestViewController.m */ = {isa = PBXFileReference; fileEncoding = 4; lastKnownFileType = sourcecode.c.objc; path = TestViewController.m; sourceTree = "<group>"; };
		DBCCF2231C9E852A003E6A23 /* test.png */ = {isa = PBXFileReference; lastKnownFileType = image.png; path = test.png; sourceTree = "<group>"; };
/* End PBXFileReference section */

/* Begin PBXFrameworksBuildPhase section */
		DB5767B81C80359800EC7052 /* Frameworks */ = {
			isa = PBXFrameworksBuildPhase;
			buildActionMask = 2147483647;
			files = (
			);
			runOnlyForDeploymentPostprocessing = 0;
		};
		DB5767D11C80359800EC7052 /* Frameworks */ = {
			isa = PBXFrameworksBuildPhase;
			buildActionMask = 2147483647;
			files = (
			);
			runOnlyForDeploymentPostprocessing = 0;
		};
		DB5767DC1C80359800EC7052 /* Frameworks */ = {
			isa = PBXFrameworksBuildPhase;
			buildActionMask = 2147483647;
			files = (
			);
			runOnlyForDeploymentPostprocessing = 0;
		};
/* End PBXFrameworksBuildPhase section */

/* Begin PBXGroup section */
		C2EF5D711C854F9500F6EF25 /* Pay */ = {
			isa = PBXGroup;
			children = (
				DB0A59F71C843D0700C5158A /* Wallet.h */,
				DB0A59F81C843D0700C5158A /* Wallet.m */,
				DB0A59F91C843D0700C5158A /* Wallet.xib */,
				DB0A598B1C84049800C5158A /* Withdraw.xib */,
				DB0A598A1C84049800C5158A /* Withdraw.m */,
				DB0A59891C84049800C5158A /* Withdraw.h */,
			);
			name = Pay;
			sourceTree = "<group>";
		};
		C2EF5D721C854FB900F6EF25 /* Info */ = {
			isa = PBXGroup;
			children = (
				DB0A59B61C84055100C5158A /* Info_collection.h */,
				DB0A59B71C84055100C5158A /* Info_collection.m */,
				DB0A59B81C84055100C5158A /* Info_collection.xib */,
				DB0A59AD1C84053C00C5158A /* Driver_info.h */,
				DB0A59AE1C84053C00C5158A /* Driver_info.m */,
				DB0A59AF1C84053C00C5158A /* Driver_info.xib */,
				DB0A5A001C84427D00C5158A /* Password_change.h */,
				DB0A5A011C84427D00C5158A /* Password_change.m */,
				DB0A5A021C84427D00C5158A /* Password_change.xib */,
				DB5768041C803AF800EC7052 /* Personal.h */,
				DB5768051C803AF800EC7052 /* Personal.m */,
				DB5768061C803AF800EC7052 /* Personal.xib */,
				DB0A59A41C84052800C5158A /* My_info.h */,
				DB0A59A51C84052800C5158A /* My_info.m */,
				DB0A59A61C84052800C5158A /* My_info.xib */,
			);
			name = Info;
			sourceTree = "<group>";
		};
		C2EF5D731C85502700F6EF25 /* Message */ = {
			isa = PBXGroup;
			children = (
				DB5767FB1C803AB700EC7052 /* Message.h */,
				DB5767FC1C803AB700EC7052 /* Message.m */,
				DB5767FD1C803AB700EC7052 /* Message.xib */,
			);
			name = Message;
			sourceTree = "<group>";
		};
		C2EF5D741C85509B00F6EF25 /* Vehicle */ = {
			isa = PBXGroup;
			children = (
				DB57680D1C803B0F00EC7052 /* Add_car.h */,
				DB57680E1C803B0F00EC7052 /* Add_car.m */,
				DB57680F1C803B0F00EC7052 /* Add_car.xib */,
				DB0A59921C8404B800C5158A /* Vehicle_management.h */,
				DB0A59931C8404B800C5158A /* Vehicle_management.m */,
				DB0A59941C8404B800C5158A /* Vehicle_management.xib */,
			);
			name = Vehicle;
			sourceTree = "<group>";
		};
		DB0A59DA1C842F2A00C5158A /* Authentication */ = {
			isa = PBXGroup;
			children = (
				DB0A599B1C8404F100C5158A /* Authentication.h */,
				DB0A599C1C8404F100C5158A /* Authentication.m */,
				DB0A599D1C8404F100C5158A /* Authentication.xib */,
				DB0A59DB1C842F8900C5158A /* Man.h */,
				DB0A59DC1C842F8900C5158A /* Man.m */,
				DB0A59DD1C842F8900C5158A /* Man.xib */,
				DB0A59E41C842F9B00C5158A /* Car.h */,
				DB0A59E51C842F9B00C5158A /* Car.m */,
				DB0A59E61C842F9B00C5158A /* Car.xib */,
			);
			name = Authentication;
			sourceTree = "<group>";
		};
		DB0A59ED1C84327A00C5158A /* Order */ = {
			isa = PBXGroup;
			children = (
				DB0A59BF1C84056B00C5158A /* Mission.h */,
				DB0A59C01C84056B00C5158A /* Mission.m */,
				DB0A59C11C84056B00C5158A /* Mission.xib */,
				DBA959221C857ACA009CBF23 /* Get_order.h */,
				DBA959231C857ACA009CBF23 /* Get_order.m */,
				DBA959241C857ACA009CBF23 /* Get_order.xib */,
				DBA959391C857B3D009CBF23 /* History_order.h */,
				DBA9593A1C857B3D009CBF23 /* History_order.m */,
				DBA9593B1C857B3D009CBF23 /* History_order.xib */,
				DBA959421C857D27009CBF23 /* Order_detials.h */,
				DBA959431C857D27009CBF23 /* Order_detials.m */,
				DBA959441C857D27009CBF23 /* Order_detials.xib */,
			);
			name = Order;
			sourceTree = "<group>";
		};
		DB0A59EE1C84351F00C5158A /* Pics */ = {
			isa = PBXGroup;
			children = (
				DB0A59F31C8435FB00C5158A /* return.png */,
			);
			name = Pics;
			sourceTree = "<group>";
		};
		DB3F89331CA91B170040C9E9 /* Network */ = {
			isa = PBXGroup;
			children = (
				DBB001A71C9FBFA8005F4692 /* TestViewController.h */,
				DBB001A81C9FBFA8005F4692 /* TestViewController.m */,
			);
			name = Network;
			sourceTree = "<group>";
		};
		DB5767B21C80359800EC7052 = {
			isa = PBXGroup;
			children = (
				DB5767BD1C80359800EC7052 /* tongbao */,
				DB5767D71C80359800EC7052 /* tongbaoTests */,
				DB5767E21C80359900EC7052 /* tongbaoUITests */,
				DB5767BC1C80359800EC7052 /* Products */,
			);
			sourceTree = "<group>";
		};
		DB5767BC1C80359800EC7052 /* Products */ = {
			isa = PBXGroup;
			children = (
				DB5767BB1C80359800EC7052 /* tongbao.app */,
				DB5767D41C80359800EC7052 /* tongbaoTests.xctest */,
				DB5767DF1C80359800EC7052 /* tongbaoUITests.xctest */,
			);
			name = Products;
			sourceTree = "<group>";
		};
		DB5767BD1C80359800EC7052 /* tongbao */ = {
			isa = PBXGroup;
			children = (
				DB3F89331CA91B170040C9E9 /* Network */,
				DB0A59EE1C84351F00C5158A /* Pics */,
				DB5767F11C8035E400EC7052 /* Classes */,
				DB5767C11C80359800EC7052 /* AppDelegate.h */,
				DB5767C21C80359800EC7052 /* AppDelegate.m */,
				DB5767CA1C80359800EC7052 /* Assets.xcassets */,
				DB5767CF1C80359800EC7052 /* Info.plist */,
				DB5767BE1C80359800EC7052 /* Supporting Files */,
			);
			path = tongbao;
			sourceTree = "<group>";
		};
		DB5767BE1C80359800EC7052 /* Supporting Files */ = {
			isa = PBXGroup;
			children = (
				DBCCF2231C9E852A003E6A23 /* test.png */,
				DB254F081C96CA500071C510 /* Default@3x.png */,
				DB254F061C96CA490071C510 /* Default@2x.png */,
				DB254F041C96CA430071C510 /* Default-568h@2x.png */,
				DB5767BF1C80359800EC7052 /* main.m */,
			);
			name = "Supporting Files";
			sourceTree = "<group>";
		};
		DB5767D71C80359800EC7052 /* tongbaoTests */ = {
			isa = PBXGroup;
			children = (
				DB5767D81C80359800EC7052 /* tongbaoTests.m */,
				DB5767DA1C80359800EC7052 /* Info.plist */,
			);
			path = tongbaoTests;
			sourceTree = "<group>";
		};
		DB5767E21C80359900EC7052 /* tongbaoUITests */ = {
			isa = PBXGroup;
			children = (
				DB5767E31C80359900EC7052 /* tongbaoUITests.m */,
				DB5767E51C80359900EC7052 /* Info.plist */,
			);
			path = tongbaoUITests;
			sourceTree = "<group>";
		};
		DB5767F11C8035E400EC7052 /* Classes */ = {
			isa = PBXGroup;
			children = (
				C2EF5D741C85509B00F6EF25 /* Vehicle */,
				C2EF5D731C85502700F6EF25 /* Message */,
				C2EF5D721C854FB900F6EF25 /* Info */,
				C2EF5D711C854F9500F6EF25 /* Pay */,
				DB0A59ED1C84327A00C5158A /* Order */,
				DB0A59DA1C842F2A00C5158A /* Authentication */,
				DB0A59801C84045300C5158A /* First.h */,
				DB0A59811C84045300C5158A /* First.m */,
				DB0A59821C84045300C5158A /* First.xib */,
			);
			name = Classes;
			sourceTree = "<group>";
		};
/* End PBXGroup section */

/* Begin PBXNativeTarget section */
		DB5767BA1C80359800EC7052 /* tongbao */ = {
			isa = PBXNativeTarget;
			buildConfigurationList = DB5767E81C80359900EC7052 /* Build configuration list for PBXNativeTarget "tongbao" */;
			buildPhases = (
				DB5767B71C80359800EC7052 /* Sources */,
				DB5767B81C80359800EC7052 /* Frameworks */,
				DB5767B91C80359800EC7052 /* Resources */,
			);
			buildRules = (
			);
			dependencies = (
			);
			name = tongbao;
			productName = tongbao;
			productReference = DB5767BB1C80359800EC7052 /* tongbao.app */;
			productType = "com.apple.product-type.application";
		};
		DB5767D31C80359800EC7052 /* tongbaoTests */ = {
			isa = PBXNativeTarget;
			buildConfigurationList = DB5767EB1C80359900EC7052 /* Build configuration list for PBXNativeTarget "tongbaoTests" */;
			buildPhases = (
				DB5767D01C80359800EC7052 /* Sources */,
				DB5767D11C80359800EC7052 /* Frameworks */,
				DB5767D21C80359800EC7052 /* Resources */,
			);
			buildRules = (
			);
			dependencies = (
				DB5767D61C80359800EC7052 /* PBXTargetDependency */,
			);
			name = tongbaoTests;
			productName = tongbaoTests;
			productReference = DB5767D41C80359800EC7052 /* tongbaoTests.xctest */;
			productType = "com.apple.product-type.bundle.unit-test";
		};
		DB5767DE1C80359800EC7052 /* tongbaoUITests */ = {
			isa = PBXNativeTarget;
			buildConfigurationList = DB5767EE1C80359900EC7052 /* Build configuration list for PBXNativeTarget "tongbaoUITests" */;
			buildPhases = (
				DB5767DB1C80359800EC7052 /* Sources */,
				DB5767DC1C80359800EC7052 /* Frameworks */,
				DB5767DD1C80359800EC7052 /* Resources */,
			);
			buildRules = (
			);
			dependencies = (
				DB5767E11C80359900EC7052 /* PBXTargetDependency */,
			);
			name = tongbaoUITests;
			productName = tongbaoUITests;
			productReference = DB5767DF1C80359800EC7052 /* tongbaoUITests.xctest */;
			productType = "com.apple.product-type.bundle.ui-testing";
		};
/* End PBXNativeTarget section */

/* Begin PBXProject section */
		DB5767B31C80359800EC7052 /* Project object */ = {
			isa = PBXProject;
			attributes = {
				LastUpgradeCheck = 0720;
				ORGANIZATIONNAME = "薛文进";
				TargetAttributes = {
					DB5767BA1C80359800EC7052 = {
						CreatedOnToolsVersion = 7.2.1;
						DevelopmentTeam = XH664728Y4;
					};
					DB5767D31C80359800EC7052 = {
						CreatedOnToolsVersion = 7.2.1;
						DevelopmentTeam = XH664728Y4;
						TestTargetID = DB5767BA1C80359800EC7052;
					};
					DB5767DE1C80359800EC7052 = {
						CreatedOnToolsVersion = 7.2.1;
						DevelopmentTeam = XH664728Y4;
						TestTargetID = DB5767BA1C80359800EC7052;
					};
				};
			};
			buildConfigurationList = DB5767B61C80359800EC7052 /* Build configuration list for PBXProject "tongbao" */;
			compatibilityVersion = "Xcode 3.2";
			developmentRegion = English;
			hasScannedForEncodings = 0;
			knownRegions = (
				en,
				Base,
			);
			mainGroup = DB5767B21C80359800EC7052;
			productRefGroup = DB5767BC1C80359800EC7052 /* Products */;
			projectDirPath = "";
			projectRoot = "";
			targets = (
				DB5767BA1C80359800EC7052 /* tongbao */,
				DB5767D31C80359800EC7052 /* tongbaoTests */,
				DB5767DE1C80359800EC7052 /* tongbaoUITests */,
			);
		};
/* End PBXProject section */

/* Begin PBXResourcesBuildPhase section */
		DB5767B91C80359800EC7052 /* Resources */ = {
			isa = PBXResourcesBuildPhase;
			buildActionMask = 2147483647;
			files = (
				DB0A59FD1C843D0700C5158A /* Wallet.xib in Resources */,
				DB0A59A11C8404F100C5158A /* Authentication.xib in Resources */,
				DB0A59C51C84056B00C5158A /* Mission.xib in Resources */,
				DB0A59981C8404B800C5158A /* Vehicle_management.xib in Resources */,
				DB0A59F41C8435FB00C5158A /* return.png in Resources */,
				DB254F051C96CA430071C510 /* Default-568h@2x.png in Resources */,
				DB0A59BC1C84055100C5158A /* Info_collection.xib in Resources */,
				DB0A59AA1C84052800C5158A /* My_info.xib in Resources */,
				DB5767CB1C80359800EC7052 /* Assets.xcassets in Resources */,
				DB0A59861C84045300C5158A /* First.xib in Resources */,
				DB5768131C803B0F00EC7052 /* Add_car.xib in Resources */,
				DBCCF2241C9E852A003E6A23 /* test.png in Resources */,
				DBA959481C857D27009CBF23 /* Order_detials.xib in Resources */,
				DB5768011C803AB700EC7052 /* Message.xib in Resources */,
				DB57680A1C803AF800EC7052 /* Personal.xib in Resources */,
				DB0A59E11C842F8900C5158A /* Man.xib in Resources */,
				DB0A5A061C84427D00C5158A /* Password_change.xib in Resources */,
				DB254F071C96CA490071C510 /* Default@2x.png in Resources */,
				DB0A598F1C84049800C5158A /* Withdraw.xib in Resources */,
				DBA959281C857ACA009CBF23 /* Get_order.xib in Resources */,
				DBA9593F1C857B3D009CBF23 /* History_order.xib in Resources */,
				DB0A59EA1C842F9B00C5158A /* Car.xib in Resources */,
				DB0A59B31C84053C00C5158A /* Driver_info.xib in Resources */,
				DB254F091C96CA500071C510 /* Default@3x.png in Resources */,
			);
			runOnlyForDeploymentPostprocessing = 0;
		};
		DB5767D21C80359800EC7052 /* Resources */ = {
			isa = PBXResourcesBuildPhase;
			buildActionMask = 2147483647;
			files = (
				DB0A59E21C842F8900C5158A /* Man.xib in Resources */,
				DBA959401C857B3D009CBF23 /* History_order.xib in Resources */,
				DB5768021C803AB700EC7052 /* Message.xib in Resources */,
				DB0A59991C8404B800C5158A /* Vehicle_management.xib in Resources */,
				DB0A59B41C84053C00C5158A /* Driver_info.xib in Resources */,
				DB5768141C803B0F00EC7052 /* Add_car.xib in Resources */,
				DBA959291C857ACA009CBF23 /* Get_order.xib in Resources */,
				DB0A59A21C8404F100C5158A /* Authentication.xib in Resources */,
				DB0A59BD1C84055100C5158A /* Info_collection.xib in Resources */,
				DB0A59871C84045300C5158A /* First.xib in Resources */,
				DB0A59EB1C842F9B00C5158A /* Car.xib in Resources */,
				DB0A59AB1C84052800C5158A /* My_info.xib in Resources */,
				DB0A59901C84049800C5158A /* Withdraw.xib in Resources */,
				DB0A59F51C8435FB00C5158A /* return.png in Resources */,
				DB0A5A071C84427D00C5158A /* Password_change.xib in Resources */,
				DB0A59FE1C843D0700C5158A /* Wallet.xib in Resources */,
				DB57680B1C803AF800EC7052 /* Personal.xib in Resources */,
				DBA959491C857D27009CBF23 /* Order_detials.xib in Resources */,
				DB0A59C61C84056B00C5158A /* Mission.xib in Resources */,
			);
			runOnlyForDeploymentPostprocessing = 0;
		};
		DB5767DD1C80359800EC7052 /* Resources */ = {
			isa = PBXResourcesBuildPhase;
			buildActionMask = 2147483647;
			files = (
				DB0A59E31C842F8900C5158A /* Man.xib in Resources */,
				DBA959411C857B3D009CBF23 /* History_order.xib in Resources */,
				DB5768031C803AB700EC7052 /* Message.xib in Resources */,
				DB0A599A1C8404B800C5158A /* Vehicle_management.xib in Resources */,
				DB0A59B51C84053C00C5158A /* Driver_info.xib in Resources */,
				DB5768151C803B0F00EC7052 /* Add_car.xib in Resources */,
				DBA9592A1C857ACA009CBF23 /* Get_order.xib in Resources */,
				DB0A59A31C8404F100C5158A /* Authentication.xib in Resources */,
				DB0A59BE1C84055100C5158A /* Info_collection.xib in Resources */,
				DB0A59881C84045300C5158A /* First.xib in Resources */,
				DB0A59EC1C842F9B00C5158A /* Car.xib in Resources */,
				DB0A59AC1C84052800C5158A /* My_info.xib in Resources */,
				DB0A59911C84049800C5158A /* Withdraw.xib in Resources */,
				DB0A59F61C8435FB00C5158A /* return.png in Resources */,
				DB0A5A081C84427D00C5158A /* Password_change.xib in Resources */,
				DB0A59FF1C843D0700C5158A /* Wallet.xib in Resources */,
				DB57680C1C803AF800EC7052 /* Personal.xib in Resources */,
				DBA9594A1C857D27009CBF23 /* Order_detials.xib in Resources */,
				DB0A59C71C84056B00C5158A /* Mission.xib in Resources */,
			);
			runOnlyForDeploymentPostprocessing = 0;
		};
/* End PBXResourcesBuildPhase section */

/* Begin PBXSourcesBuildPhase section */
		DB5767B71C80359800EC7052 /* Sources */ = {
			isa = PBXSourcesBuildPhase;
			buildActionMask = 2147483647;
			files = (
				DBA959451C857D27009CBF23 /* Order_detials.m in Sources */,
				DB0A59C21C84056B00C5158A /* Mission.m in Sources */,
				DB0A59951C8404B800C5158A /* Vehicle_management.m in Sources */,
				DB5768071C803AF800EC7052 /* Personal.m in Sources */,
				DB0A59B01C84053C00C5158A /* Driver_info.m in Sources */,
				DB5767C31C80359800EC7052 /* AppDelegate.m in Sources */,
				DB0A5A031C84427D00C5158A /* Password_change.m in Sources */,
				DBA9593C1C857B3D009CBF23 /* History_order.m in Sources */,
				DB0A59E71C842F9B00C5158A /* Car.m in Sources */,
				DBB001A91C9FBFA8005F4692 /* TestViewController.m in Sources */,
				DB5767FE1C803AB700EC7052 /* Message.m in Sources */,
				DB0A59831C84045300C5158A /* First.m in Sources */,
				DB5768101C803B0F00EC7052 /* Add_car.m in Sources */,
				DB0A599E1C8404F100C5158A /* Authentication.m in Sources */,
				DB5767C01C80359800EC7052 /* main.m in Sources */,
				DB0A59FA1C843D0700C5158A /* Wallet.m in Sources */,
				DB0A59A71C84052800C5158A /* My_info.m in Sources */,
				DB0A59DE1C842F8900C5158A /* Man.m in Sources */,
				DB0A59B91C84055100C5158A /* Info_collection.m in Sources */,
				DB0A598C1C84049800C5158A /* Withdraw.m in Sources */,
				DBA959251C857ACA009CBF23 /* Get_order.m in Sources */,
			);
			runOnlyForDeploymentPostprocessing = 0;
		};
		DB5767D01C80359800EC7052 /* Sources */ = {
			isa = PBXSourcesBuildPhase;
			buildActionMask = 2147483647;
			files = (
				DB0A59A81C84052800C5158A /* My_info.m in Sources */,
				DBA959261C857ACA009CBF23 /* Get_order.m in Sources */,
				DB0A59DF1C842F8900C5158A /* Man.m in Sources */,
				DB5768081C803AF800EC7052 /* Personal.m in Sources */,
				DB0A598D1C84049800C5158A /* Withdraw.m in Sources */,
				DB0A5A041C84427D00C5158A /* Password_change.m in Sources */,
				DB0A59E81C842F9B00C5158A /* Car.m in Sources */,
				DB0A59FB1C843D0700C5158A /* Wallet.m in Sources */,
				DB0A59841C84045300C5158A /* First.m in Sources */,
				DB0A599F1C8404F100C5158A /* Authentication.m in Sources */,
				DB0A59B11C84053C00C5158A /* Driver_info.m in Sources */,
				DB0A59C31C84056B00C5158A /* Mission.m in Sources */,
				DB5767FF1C803AB700EC7052 /* Message.m in Sources */,
				DB0A59BA1C84055100C5158A /* Info_collection.m in Sources */,
				DB5768111C803B0F00EC7052 /* Add_car.m in Sources */,
				DB0A59961C8404B800C5158A /* Vehicle_management.m in Sources */,
				DB5767D91C80359800EC7052 /* tongbaoTests.m in Sources */,
				DBA959461C857D27009CBF23 /* Order_detials.m in Sources */,
				DBA9593D1C857B3D009CBF23 /* History_order.m in Sources */,
			);
			runOnlyForDeploymentPostprocessing = 0;
		};
		DB5767DB1C80359800EC7052 /* Sources */ = {
			isa = PBXSourcesBuildPhase;
			buildActionMask = 2147483647;
			files = (
				DB0A59A91C84052800C5158A /* My_info.m in Sources */,
				DBA959271C857ACA009CBF23 /* Get_order.m in Sources */,
				DB0A59E01C842F8900C5158A /* Man.m in Sources */,
				DB5768091C803AF800EC7052 /* Personal.m in Sources */,
				DB0A598E1C84049800C5158A /* Withdraw.m in Sources */,
				DB0A5A051C84427D00C5158A /* Password_change.m in Sources */,
				DB0A59E91C842F9B00C5158A /* Car.m in Sources */,
				DB0A59FC1C843D0700C5158A /* Wallet.m in Sources */,
				DB0A59851C84045300C5158A /* First.m in Sources */,
				DB0A59A01C8404F100C5158A /* Authentication.m in Sources */,
				DB0A59B21C84053C00C5158A /* Driver_info.m in Sources */,
				DB0A59C41C84056B00C5158A /* Mission.m in Sources */,
				DB5768001C803AB700EC7052 /* Message.m in Sources */,
				DB0A59BB1C84055100C5158A /* Info_collection.m in Sources */,
				DB5768121C803B0F00EC7052 /* Add_car.m in Sources */,
				DB0A59971C8404B800C5158A /* Vehicle_management.m in Sources */,
				DB5767E41C80359900EC7052 /* tongbaoUITests.m in Sources */,
				DBA959471C857D27009CBF23 /* Order_detials.m in Sources */,
				DBA9593E1C857B3D009CBF23 /* History_order.m in Sources */,
			);
			runOnlyForDeploymentPostprocessing = 0;
		};
/* End PBXSourcesBuildPhase section */

/* Begin PBXTargetDependency section */
		DB5767D61C80359800EC7052 /* PBXTargetDependency */ = {
			isa = PBXTargetDependency;
			target = DB5767BA1C80359800EC7052 /* tongbao */;
			targetProxy = DB5767D51C80359800EC7052 /* PBXContainerItemProxy */;
		};
		DB5767E11C80359900EC7052 /* PBXTargetDependency */ = {
			isa = PBXTargetDependency;
			target = DB5767BA1C80359800EC7052 /* tongbao */;
			targetProxy = DB5767E01C80359900EC7052 /* PBXContainerItemProxy */;
		};
/* End PBXTargetDependency section */

/* Begin XCBuildConfiguration section */
		DB5767E61C80359900EC7052 /* Debug */ = {
			isa = XCBuildConfiguration;
			buildSettings = {
				ALWAYS_SEARCH_USER_PATHS = NO;
				CLANG_CXX_LANGUAGE_STANDARD = "gnu++0x";
				CLANG_CXX_LIBRARY = "libc++";
				CLANG_ENABLE_MODULES = YES;
				CLANG_ENABLE_OBJC_ARC = YES;
				CLANG_WARN_BOOL_CONVERSION = YES;
				CLANG_WARN_CONSTANT_CONVERSION = YES;
				CLANG_WARN_DIRECT_OBJC_ISA_USAGE = YES_ERROR;
				CLANG_WARN_EMPTY_BODY = YES;
				CLANG_WARN_ENUM_CONVERSION = YES;
				CLANG_WARN_INT_CONVERSION = YES;
				CLANG_WARN_OBJC_ROOT_CLASS = YES_ERROR;
				CLANG_WARN_UNREACHABLE_CODE = YES;
				CLANG_WARN__DUPLICATE_METHOD_MATCH = YES;
				"CODE_SIGN_IDENTITY[sdk=iphoneos*]" = "iPhone Developer";
				COPY_PHASE_STRIP = NO;
				DEBUG_INFORMATION_FORMAT = dwarf;
				ENABLE_STRICT_OBJC_MSGSEND = YES;
				ENABLE_TESTABILITY = YES;
				GCC_C_LANGUAGE_STANDARD = gnu99;
				GCC_DYNAMIC_NO_PIC = NO;
				GCC_NO_COMMON_BLOCKS = YES;
				GCC_OPTIMIZATION_LEVEL = 0;
				GCC_PREPROCESSOR_DEFINITIONS = (
					"DEBUG=1",
					"$(inherited)",
				);
				GCC_WARN_64_TO_32_BIT_CONVERSION = YES;
				GCC_WARN_ABOUT_RETURN_TYPE = YES_ERROR;
				GCC_WARN_UNDECLARED_SELECTOR = YES;
				GCC_WARN_UNINITIALIZED_AUTOS = YES_AGGRESSIVE;
				GCC_WARN_UNUSED_FUNCTION = YES;
				GCC_WARN_UNUSED_VARIABLE = YES;
				IPHONEOS_DEPLOYMENT_TARGET = 9.2;
				MTL_ENABLE_DEBUG_INFO = YES;
				ONLY_ACTIVE_ARCH = YES;
				SDKROOT = iphoneos;
			};
			name = Debug;
		};
		DB5767E71C80359900EC7052 /* Release */ = {
			isa = XCBuildConfiguration;
			buildSettings = {
				ALWAYS_SEARCH_USER_PATHS = NO;
				CLANG_CXX_LANGUAGE_STANDARD = "gnu++0x";
				CLANG_CXX_LIBRARY = "libc++";
				CLANG_ENABLE_MODULES = YES;
				CLANG_ENABLE_OBJC_ARC = YES;
				CLANG_WARN_BOOL_CONVERSION = YES;
				CLANG_WARN_CONSTANT_CONVERSION = YES;
				CLANG_WARN_DIRECT_OBJC_ISA_USAGE = YES_ERROR;
				CLANG_WARN_EMPTY_BODY = YES;
				CLANG_WARN_ENUM_CONVERSION = YES;
				CLANG_WARN_INT_CONVERSION = YES;
				CLANG_WARN_OBJC_ROOT_CLASS = YES_ERROR;
				CLANG_WARN_UNREACHABLE_CODE = YES;
				CLANG_WARN__DUPLICATE_METHOD_MATCH = YES;
				"CODE_SIGN_IDENTITY[sdk=iphoneos*]" = "iPhone Developer";
				COPY_PHASE_STRIP = NO;
				DEBUG_INFORMATION_FORMAT = "dwarf-with-dsym";
				ENABLE_NS_ASSERTIONS = NO;
				ENABLE_STRICT_OBJC_MSGSEND = YES;
				GCC_C_LANGUAGE_STANDARD = gnu99;
				GCC_NO_COMMON_BLOCKS = YES;
				GCC_WARN_64_TO_32_BIT_CONVERSION = YES;
				GCC_WARN_ABOUT_RETURN_TYPE = YES_ERROR;
				GCC_WARN_UNDECLARED_SELECTOR = YES;
				GCC_WARN_UNINITIALIZED_AUTOS = YES_AGGRESSIVE;
				GCC_WARN_UNUSED_FUNCTION = YES;
				GCC_WARN_UNUSED_VARIABLE = YES;
				IPHONEOS_DEPLOYMENT_TARGET = 9.2;
				MTL_ENABLE_DEBUG_INFO = NO;
				SDKROOT = iphoneos;
				VALIDATE_PRODUCT = YES;
			};
			name = Release;
		};
		DB5767E91C80359900EC7052 /* Debug */ = {
			isa = XCBuildConfiguration;
			buildSettings = {
				ASSETCATALOG_COMPILER_APPICON_NAME = AppIcon;
				INFOPLIST_FILE = tongbao/Info.plist;
				LD_RUNPATH_SEARCH_PATHS = "$(inherited) @executable_path/Frameworks";
				PRODUCT_BUNDLE_IDENTIFIER = nju.tongbao;
				PRODUCT_NAME = "$(TARGET_NAME)";
			};
			name = Debug;
		};
		DB5767EA1C80359900EC7052 /* Release */ = {
			isa = XCBuildConfiguration;
			buildSettings = {
				ASSETCATALOG_COMPILER_APPICON_NAME = AppIcon;
				INFOPLIST_FILE = tongbao/Info.plist;
				LD_RUNPATH_SEARCH_PATHS = "$(inherited) @executable_path/Frameworks";
				PRODUCT_BUNDLE_IDENTIFIER = nju.tongbao;
				PRODUCT_NAME = "$(TARGET_NAME)";
			};
			name = Release;
		};
		DB5767EC1C80359900EC7052 /* Debug */ = {
			isa = XCBuildConfiguration;
			buildSettings = {
				BUNDLE_LOADER = "$(TEST_HOST)";
				INFOPLIST_FILE = tongbaoTests/Info.plist;
				LD_RUNPATH_SEARCH_PATHS = "$(inherited) @executable_path/Frameworks @loader_path/Frameworks";
				PRODUCT_BUNDLE_IDENTIFIER = nju.tongbaoTests;
				PRODUCT_NAME = "$(TARGET_NAME)";
				TEST_HOST = "$(BUILT_PRODUCTS_DIR)/tongbao.app/tongbao";
			};
			name = Debug;
		};
		DB5767ED1C80359900EC7052 /* Release */ = {
			isa = XCBuildConfiguration;
			buildSettings = {
				BUNDLE_LOADER = "$(TEST_HOST)";
				INFOPLIST_FILE = tongbaoTests/Info.plist;
				LD_RUNPATH_SEARCH_PATHS = "$(inherited) @executable_path/Frameworks @loader_path/Frameworks";
				PRODUCT_BUNDLE_IDENTIFIER = nju.tongbaoTests;
				PRODUCT_NAME = "$(TARGET_NAME)";
				TEST_HOST = "$(BUILT_PRODUCTS_DIR)/tongbao.app/tongbao";
			};
			name = Release;
		};
		DB5767EF1C80359900EC7052 /* Debug */ = {
			isa = XCBuildConfiguration;
			buildSettings = {
				INFOPLIST_FILE = tongbaoUITests/Info.plist;
				LD_RUNPATH_SEARCH_PATHS = "$(inherited) @executable_path/Frameworks @loader_path/Frameworks";
				PRODUCT_BUNDLE_IDENTIFIER = nju.tongbaoUITests;
				PRODUCT_NAME = "$(TARGET_NAME)";
				TEST_TARGET_NAME = tongbao;
				USES_XCTRUNNER = YES;
			};
			name = Debug;
		};
		DB5767F01C80359900EC7052 /* Release */ = {
			isa = XCBuildConfiguration;
			buildSettings = {
				INFOPLIST_FILE = tongbaoUITests/Info.plist;
				LD_RUNPATH_SEARCH_PATHS = "$(inherited) @executable_path/Frameworks @loader_path/Frameworks";
				PRODUCT_BUNDLE_IDENTIFIER = nju.tongbaoUITests;
				PRODUCT_NAME = "$(TARGET_NAME)";
				TEST_TARGET_NAME = tongbao;
				USES_XCTRUNNER = YES;
			};
			name = Release;
		};
/* End XCBuildConfiguration section */

/* Begin XCConfigurationList section */
		DB5767B61C80359800EC7052 /* Build configuration list for PBXProject "tongbao" */ = {
			isa = XCConfigurationList;
			buildConfigurations = (
				DB5767E61C80359900EC7052 /* Debug */,
				DB5767E71C80359900EC7052 /* Release */,
			);
			defaultConfigurationIsVisible = 0;
			defaultConfigurationName = Release;
		};
		DB5767E81C80359900EC7052 /* Build configuration list for PBXNativeTarget "tongbao" */ = {
			isa = XCConfigurationList;
			buildConfigurations = (
				DB5767E91C80359900EC7052 /* Debug */,
				DB5767EA1C80359900EC7052 /* Release */,
			);
			defaultConfigurationIsVisible = 0;
			defaultConfigurationName = Release;
		};
		DB5767EB1C80359900EC7052 /* Build configuration list for PBXNativeTarget "tongbaoTests" */ = {
			isa = XCConfigurationList;
			buildConfigurations = (
				DB5767EC1C80359900EC7052 /* Debug */,
				DB5767ED1C80359900EC7052 /* Release */,
			);
			defaultConfigurationIsVisible = 0;
			defaultConfigurationName = Release;
		};
		DB5767EE1C80359900EC7052 /* Build configuration list for PBXNativeTarget "tongbaoUITests" */ = {
			isa = XCConfigurationList;
			buildConfigurations = (
				DB5767EF1C80359900EC7052 /* Debug */,
				DB5767F01C80359900EC7052 /* Release */,
			);
			defaultConfigurationIsVisible = 0;
			defaultConfigurationName = Release;
		};
/* End XCConfigurationList section */
	};
	rootObject = DB5767B31C80359800EC7052 /* Project object */;
}
